// !$*UTF8*$!
{
	archiveVersion = 1;
	classes = {
	};
	objectVersion = 46;
	objects = {

/* Begin PBXBuildFile section */
		42C1BACE1C7DB3E000809D9C /* EUExApplePay.m in Sources */ = {isa = PBXBuildFile; fileRef = 42C1BACD1C7DB3E000809D9C /* EUExApplePay.m */; };
		42C1BAE71C7E9E3000809D9C /* uexApplePayHelper.m in Sources */ = {isa = PBXBuildFile; fileRef = 42C1BAE61C7E9E3000809D9C /* uexApplePayHelper.m */; };
		42C1BAEA1C7FD84A00809D9C /* uexApplePayQueueLock.m in Sources */ = {isa = PBXBuildFile; fileRef = 42C1BAE91C7FD84A00809D9C /* uexApplePayQueueLock.m */; };
/* End PBXBuildFile section */

/* Begin PBXCopyFilesBuildPhase section */
		424AD04B1C25285300EEC1F8 /* CopyFiles */ = {
			isa = PBXCopyFilesBuildPhase;
			buildActionMask = 2147483647;
			dstPath = "";
			dstSubfolderSpec = 16;
			files = (
			);
			runOnlyForDeploymentPostprocessing = 0;
		};
/* End PBXCopyFilesBuildPhase section */

/* Begin PBXFileReference section */
		07C47600977650E9CB3EAFE7 /* JSONParser.h */ = {isa = PBXFileReference; fileEncoding = 4; lastKnownFileType = sourcecode.c.h; path = JSONParser.h; sourceTree = "<group>"; };
		1ADBD9087B09A8C4C4C565AC /* SBJsonParser.h */ = {isa = PBXFileReference; fileEncoding = 4; lastKnownFileType = sourcecode.c.h; path = SBJsonParser.h; sourceTree = "<group>"; };
		304C025BEDDEF95D2CFEDC2C /* SBJsonWriter.h */ = {isa = PBXFileReference; fileEncoding = 4; lastKnownFileType = sourcecode.c.h; path = SBJsonWriter.h; sourceTree = "<group>"; };
		4253EFFF1C814BE0004543AD /* libuexApplePay.a */ = {isa = PBXFileReference; explicitFileType = archive.ar; includeInIndex = 0; path = libuexApplePay.a; sourceTree = BUILT_PRODUCTS_DIR; };
		42C1BACC1C7DB3E000809D9C /* EUExApplePay.h */ = {isa = PBXFileReference; fileEncoding = 4; lastKnownFileType = sourcecode.c.h; path = EUExApplePay.h; sourceTree = "<group>"; };
		42C1BACD1C7DB3E000809D9C /* EUExApplePay.m */ = {isa = PBXFileReference; fileEncoding = 4; lastKnownFileType = sourcecode.c.objc; path = EUExApplePay.m; sourceTree = "<group>"; };
		42C1BAE51C7E9E3000809D9C /* uexApplePayHelper.h */ = {isa = PBXFileReference; fileEncoding = 4; lastKnownFileType = sourcecode.c.h; path = uexApplePayHelper.h; sourceTree = "<group>"; };
		42C1BAE61C7E9E3000809D9C /* uexApplePayHelper.m */ = {isa = PBXFileReference; fileEncoding = 4; lastKnownFileType = sourcecode.c.objc; path = uexApplePayHelper.m; sourceTree = "<group>"; };
		42C1BAE81C7FD84A00809D9C /* uexApplePayQueueLock.h */ = {isa = PBXFileReference; fileEncoding = 4; lastKnownFileType = sourcecode.c.h; path = uexApplePayQueueLock.h; sourceTree = "<group>"; };
		42C1BAE91C7FD84A00809D9C /* uexApplePayQueueLock.m */ = {isa = PBXFileReference; fileEncoding = 4; lastKnownFileType = sourcecode.c.objc; path = uexApplePayQueueLock.m; sourceTree = "<group>"; };
		46A9057377DF35D790B05BB8 /* SBJSON.h */ = {isa = PBXFileReference; fileEncoding = 4; lastKnownFileType = sourcecode.c.h; path = SBJSON.h; sourceTree = "<group>"; };
		525E1B7C0E7362B0D1A81E93 /* EUExBase.h */ = {isa = PBXFileReference; fileEncoding = 4; lastKnownFileType = sourcecode.c.h; path = EUExBase.h; sourceTree = "<group>"; };
		546FDB6DF6F7B8EAC1FF9BE6 /* NSString+SBJSON.h */ = {isa = PBXFileReference; fileEncoding = 4; lastKnownFileType = sourcecode.c.h; path = "NSString+SBJSON.h"; sourceTree = "<group>"; };
		78AC985724B4973BC9FED511 /* EUtility.h */ = {isa = PBXFileReference; fileEncoding = 4; lastKnownFileType = sourcecode.c.h; path = EUtility.h; sourceTree = "<group>"; };
		875D503F2FABF6E1176F5E91 /* NSObject+SBJSON.h */ = {isa = PBXFileReference; fileEncoding = 4; lastKnownFileType = sourcecode.c.h; path = "NSObject+SBJSON.h"; sourceTree = "<group>"; };
		89753D62EABAAAD51C19669C /* EUExBase+Bundle.h */ = {isa = PBXFileReference; fileEncoding = 4; lastKnownFileType = sourcecode.c.h; path = "EUExBase+Bundle.h"; sourceTree = "<group>"; };
		AA901FA37C694F88FC37BC07 /* SBJsonBase.h */ = {isa = PBXFileReference; fileEncoding = 4; lastKnownFileType = sourcecode.c.h; path = SBJsonBase.h; sourceTree = "<group>"; };
		C9744478860AB40E071652C1 /* JSON.h */ = {isa = PBXFileReference; fileEncoding = 4; lastKnownFileType = sourcecode.c.h; path = JSON.h; sourceTree = "<group>"; };
		D89FADAE9D124E02B977915A /* EUExBaseDefine.h */ = {isa = PBXFileReference; fileEncoding = 4; lastKnownFileType = sourcecode.c.h; path = EUExBaseDefine.h; sourceTree = "<group>"; };
		F7443A85F5F6E2ACECB5FFFA /* MD5Digest.h */ = {isa = PBXFileReference; fileEncoding = 4; lastKnownFileType = sourcecode.c.h; path = MD5Digest.h; sourceTree = "<group>"; };
/* End PBXFileReference section */

/* Begin PBXFrameworksBuildPhase section */
		424AD04A1C25285300EEC1F8 /* Frameworks */ = {
			isa = PBXFrameworksBuildPhase;
			buildActionMask = 2147483647;
			files = (
			);
			runOnlyForDeploymentPostprocessing = 0;
		};
/* End PBXFrameworksBuildPhase section */

/* Begin PBXGroup section */
		424AD0441C25285300EEC1F8 = {
			isa = PBXGroup;
			children = (
				6D5C281B5E92477BA962CB85 /* EUExApplePay */,
				4253EFFF1C814BE0004543AD /* libuexApplePay.a */,
			);
			sourceTree = "<group>";
		};
		507942AC74B4A12935C1299C /* JSON */ = {
			isa = PBXGroup;
			children = (
				C9744478860AB40E071652C1 /* JSON.h */,
				07C47600977650E9CB3EAFE7 /* JSONParser.h */,
				F7443A85F5F6E2ACECB5FFFA /* MD5Digest.h */,
				875D503F2FABF6E1176F5E91 /* NSObject+SBJSON.h */,
				546FDB6DF6F7B8EAC1FF9BE6 /* NSString+SBJSON.h */,
				46A9057377DF35D790B05BB8 /* SBJSON.h */,
				AA901FA37C694F88FC37BC07 /* SBJsonBase.h */,
				1ADBD9087B09A8C4C4C565AC /* SBJsonParser.h */,
				304C025BEDDEF95D2CFEDC2C /* SBJsonWriter.h */,
			);
			path = JSON;
			sourceTree = "<group>";
		};
		60A5A207FB53AAB60711D149 /* engineHeader */ = {
			isa = PBXGroup;
			children = (
				78AC985724B4973BC9FED511 /* EUtility.h */,
				89753D62EABAAAD51C19669C /* EUExBase+Bundle.h */,
				525E1B7C0E7362B0D1A81E93 /* EUExBase.h */,
				D89FADAE9D124E02B977915A /* EUExBaseDefine.h */,
			);
			path = engineHeader;
			sourceTree = "<group>";
		};
		6D5C281B5E92477BA962CB85 /* EUExApplePay */ = {
			isa = PBXGroup;
			children = (
				60A5A207FB53AAB60711D149 /* engineHeader */,
				A0B5CFBC5BB7D59067914687 /* sourceCode */,
				42C1BACC1C7DB3E000809D9C /* EUExApplePay.h */,
				42C1BACD1C7DB3E000809D9C /* EUExApplePay.m */,
			);
			path = EUExApplePay;
			sourceTree = "<group>";
		};
		A0B5CFBC5BB7D59067914687 /* sourceCode */ = {
			isa = PBXGroup;
			children = (
				507942AC74B4A12935C1299C /* JSON */,
				42C1BAE51C7E9E3000809D9C /* uexApplePayHelper.h */,
				42C1BAE61C7E9E3000809D9C /* uexApplePayHelper.m */,
				42C1BAE81C7FD84A00809D9C /* uexApplePayQueueLock.h */,
				42C1BAE91C7FD84A00809D9C /* uexApplePayQueueLock.m */,
			);
			path = sourceCode;
			sourceTree = "<group>";
		};
/* End PBXGroup section */

/* Begin PBXNativeTarget section */
		424AD04C1C25285300EEC1F8 /* EUExApplePay */ = {
			isa = PBXNativeTarget;
			buildConfigurationList = 424AD0561C25285300EEC1F8 /* Build configuration list for PBXNativeTarget "EUExApplePay" */;
			buildPhases = (
				424AD0491C25285300EEC1F8 /* Sources */,
				424AD04A1C25285300EEC1F8 /* Frameworks */,
				424AD04B1C25285300EEC1F8 /* CopyFiles */,
			);
			buildRules = (
			);
			dependencies = (
			);
			name = EUExApplePay;
			productName = EUExApplePay;
			productReference = 4253EFFF1C814BE0004543AD /* libuexApplePay.a */;
			productType = "com.apple.product-type.library.static";
		};
/* End PBXNativeTarget section */

/* Begin PBXProject section */
		424AD0451C25285300EEC1F8 /* Project object */ = {
			isa = PBXProject;
			attributes = {
				LastUpgradeCheck = 0720;
				ORGANIZATIONNAME = AppCan;
				TargetAttributes = {
					424AD04C1C25285300EEC1F8 = {
						CreatedOnToolsVersion = 7.2;
					};
				};
			};
			buildConfigurationList = 424AD0481C25285300EEC1F8 /* Build configuration list for PBXProject "EUExApplePay" */;
			compatibilityVersion = "Xcode 3.2";
			developmentRegion = English;
			hasScannedForEncodings = 0;
			knownRegions = (
				en,
			);
			mainGroup = 424AD0441C25285300EEC1F8;
			productRefGroup = 424AD0441C25285300EEC1F8;
			projectDirPath = "";
			projectRoot = "";
			targets = (
				424AD04C1C25285300EEC1F8 /* EUExApplePay */,
			);
		};
/* End PBXProject section */

/* Begin PBXSourcesBuildPhase section */
		424AD0491C25285300EEC1F8 /* Sources */ = {
			isa = PBXSourcesBuildPhase;
			buildActionMask = 2147483647;
			files = (
				42C1BAE71C7E9E3000809D9C /* uexApplePayHelper.m in Sources */,
				42C1BAEA1C7FD84A00809D9C /* uexApplePayQueueLock.m in Sources */,
				42C1BACE1C7DB3E000809D9C /* EUExApplePay.m in Sources */,
			);
			runOnlyForDeploymentPostprocessing = 0;
		};
/* End PBXSourcesBuildPhase section */

/* Begin XCBuildConfiguration section */
		424AD0541C25285300EEC1F8 /* Debug */ = {
			isa = XCBuildConfiguration;
			buildSettings = {
				ALWAYS_SEARCH_USER_PATHS = NO;
				CLANG_CXX_LANGUAGE_STANDARD = "gnu++0x";
				CLANG_CXX_LIBRARY = "libc++";
				CLANG_ENABLE_MODULES = YES;
				CLANG_ENABLE_OBJC_ARC = YES;
				CLANG_WARN_BOOL_CONVERSION = YES;
				CLANG_WARN_CONSTANT_CONVERSION = YES;
				CLANG_WARN_DIRECT_OBJC_ISA_USAGE = YES_ERROR;
				CLANG_WARN_EMPTY_BODY = YES;
				CLANG_WARN_ENUM_CONVERSION = YES;
				CLANG_WARN_INT_CONVERSION = YES;
				CLANG_WARN_OBJC_ROOT_CLASS = YES_ERROR;
				CLANG_WARN_UNREACHABLE_CODE = YES;
				CLANG_WARN__DUPLICATE_METHOD_MATCH = YES;
				"CODE_SIGN_IDENTITY[sdk=iphoneos*]" = "iPhone Developer";
				COPY_PHASE_STRIP = NO;
				DEBUG_INFORMATION_FORMAT = dwarf;
				ENABLE_STRICT_OBJC_MSGSEND = YES;
				ENABLE_TESTABILITY = YES;
				GCC_C_LANGUAGE_STANDARD = gnu99;
				GCC_DYNAMIC_NO_PIC = NO;
				GCC_NO_COMMON_BLOCKS = YES;
				GCC_OPTIMIZATION_LEVEL = 0;
				GCC_PREPROCESSOR_DEFINITIONS = (
					"DEBUG=1",
					"$(inherited)",
				);
				GCC_WARN_64_TO_32_BIT_CONVERSION = YES;
				GCC_WARN_ABOUT_RETURN_TYPE = YES_ERROR;
				GCC_WARN_UNDECLARED_SELECTOR = YES;
				GCC_WARN_UNINITIALIZED_AUTOS = YES_AGGRESSIVE;
				GCC_WARN_UNUSED_FUNCTION = YES;
				GCC_WARN_UNUSED_VARIABLE = YES;
				IPHONEOS_DEPLOYMENT_TARGET = 9.2;
				MTL_ENABLE_DEBUG_INFO = YES;
				ONLY_ACTIVE_ARCH = YES;
				SDKROOT = iphoneos;
			};
			name = Debug;
		};
		424AD0551C25285300EEC1F8 /* Release */ = {
			isa = XCBuildConfiguration;
			buildSettings = {
				ALWAYS_SEARCH_USER_PATHS = NO;
				CLANG_CXX_LANGUAGE_STANDARD = "gnu++0x";
				CLANG_CXX_LIBRARY = "libc++";
				CLANG_ENABLE_MODULES = YES;
				CLANG_ENABLE_OBJC_ARC = YES;
				CLANG_WARN_BOOL_CONVERSION = YES;
				CLANG_WARN_CONSTANT_CONVERSION = YES;
				CLANG_WARN_DIRECT_OBJC_ISA_USAGE = YES_ERROR;
				CLANG_WARN_EMPTY_BODY = YES;
				CLANG_WARN_ENUM_CONVERSION = YES;
				CLANG_WARN_INT_CONVERSION = YES;
				CLANG_WARN_OBJC_ROOT_CLASS = YES_ERROR;
				CLANG_WARN_UNREACHABLE_CODE = YES;
				CLANG_WARN__DUPLICATE_METHOD_MATCH = YES;
				"CODE_SIGN_IDENTITY[sdk=iphoneos*]" = "iPhone Developer";
				COPY_PHASE_STRIP = NO;
				DEBUG_INFORMATION_FORMAT = "dwarf-with-dsym";
				ENABLE_NS_ASSERTIONS = NO;
				ENABLE_STRICT_OBJC_MSGSEND = YES;
				GCC_C_LANGUAGE_STANDARD = gnu99;
				GCC_NO_COMMON_BLOCKS = YES;
				GCC_WARN_64_TO_32_BIT_CONVERSION = YES;
				GCC_WARN_ABOUT_RETURN_TYPE = YES_ERROR;
				GCC_WARN_UNDECLARED_SELECTOR = YES;
				GCC_WARN_UNINITIALIZED_AUTOS = YES_AGGRESSIVE;
				GCC_WARN_UNUSED_FUNCTION = YES;
				GCC_WARN_UNUSED_VARIABLE = YES;
				IPHONEOS_DEPLOYMENT_TARGET = 9.2;
				MTL_ENABLE_DEBUG_INFO = NO;
				SDKROOT = iphoneos;
				VALIDATE_PRODUCT = YES;
			};
			name = Release;
		};
		424AD0571C25285300EEC1F8 /* Debug */ = {
			isa = XCBuildConfiguration;
			buildSettings = {
				CONFIGURATION_BUILD_DIR = "$(SRCROOT)/uexApplePay";
				OTHER_LDFLAGS = "-ObjC";
				PRODUCT_NAME = uexApplePay;
				SKIP_INSTALL = YES;
			};
			name = Debug;
		};
		424AD0581C25285300EEC1F8 /* Release */ = {
			isa = XCBuildConfiguration;
			buildSettings = {
				CONFIGURATION_BUILD_DIR = "$(SRCROOT)/uexApplePay";
				OTHER_LDFLAGS = "-ObjC";
				PRODUCT_NAME = uexApplePay;
				SKIP_INSTALL = YES;
			};
			name = Release;
		};
/* End XCBuildConfiguration section */

/* Begin XCConfigurationList section */
		424AD0481C25285300EEC1F8 /* Build configuration list for PBXProject "EUExApplePay" */ = {
			isa = XCConfigurationList;
			buildConfigurations = (
				424AD0541C25285300EEC1F8 /* Debug */,
				424AD0551C25285300EEC1F8 /* Release */,
			);
			defaultConfigurationIsVisible = 0;
			defaultConfigurationName = Release;
		};
		424AD0561C25285300EEC1F8 /* Build configuration list for PBXNativeTarget "EUExApplePay" */ = {
			isa = XCConfigurationList;
			buildConfigurations = (
				424AD0571C25285300EEC1F8 /* Debug */,
				424AD0581C25285300EEC1F8 /* Release */,
			);
			defaultConfigurationIsVisible = 0;
			defaultConfigurationName = Release;
		};
/* End XCConfigurationList section */
	};
	rootObject = 424AD0451C25285300EEC1F8 /* Project object */;
}
